
Microsoft Visual Studio Solution File, Format Version 12.00
# Visual Studio Version 17
VisualStudioVersion = 17.13.35913.81 d17.13
MinimumVisualStudioVersion = 10.0.40219.1
Project("{FAE04EC0-301F-11D3-BF4B-00C04F79EFBC}") = "AkademiqRapidApi", "AkademiqRapidApi\AkademiqRapidApi.csproj", "{A09287CB-F272-4560-843A-B30C986312A5}"
EndProject
Global
	GlobalSection(SolutionConfigurationPlatforms) = preSolution
		Debug|Any CPU = Debug|Any CPU
		Release|Any CPU = Release|Any CPU
	EndGlobalSection
	GlobalSection(ProjectConfigurationPlatforms) = postSolution
		{A09287CB-F272-4560-843A-B30C986312A5}.Debug|Any CPU.ActiveCfg = Debug|Any CPU
		{A09287CB-F272-4560-843A-B30C986312A5}.Debug|Any CPU.Build.0 = Debug|Any CPU
		{A09287CB-F272-4560-843A-B30C986312A5}.Release|Any CPU.ActiveCfg = Release|Any CPU
		{A09287CB-F272-4560-843A-B30C986312A5}.Release|Any CPU.Build.0 = Release|Any CPU
	EndGlobalSection
	GlobalSection(SolutionProperties) = preSolution
		HideSolutionNode = FALSE
	EndGlobalSection
	GlobalSection(ExtensibilityGlobals) = postSolution
		SolutionGuid = {4CFD5564-8525-4B70-977E-15DF2C137570}
	EndGlobalSection
EndGlobal
